
Microsoft Visual Studio Solution File, Format Version 12.00
# Visual Studio Version 16
VisualStudioVersion = 16.0.30503.244
MinimumVisualStudioVersion = 10.0.40219.1
Project("{FAE04EC0-301F-11D3-BF4B-00C04F79EFBC}") = "ToDoApplication", "ToDoApplication\ToDoApplication.csproj", "{9DEA2B46-9B31-4CFA-9FF7-FBECFBB57C53}"
EndProject
Project("{FAE04EC0-301F-11D3-BF4B-00C04F79EFBC}") = "ModelPerson.Tests", "ModelPerson.Tests\ModelPerson.Tests.csproj", "{C4AB5503-390E-4D06-B2C5-900E8028D245}"
EndProject
Project("{FAE04EC0-301F-11D3-BF4B-00C04F79EFBC}") = "ModelToDo.Tests", "ModelToDo.Tests\ModelToDo.Tests.csproj", "{2D1D5B92-8B55-45EF-BB4E-ED617981AE35}"
EndProject
Global
	GlobalSection(SolutionConfigurationPlatforms) = preSolution
		Debug|Any CPU = Debug|Any CPU
		Release|Any CPU = Release|Any CPU
	EndGlobalSection
	GlobalSection(ProjectConfigurationPlatforms) = postSolution
		{9DEA2B46-9B31-4CFA-9FF7-FBECFBB57C53}.Debug|Any CPU.ActiveCfg = Debug|Any CPU
		{9DEA2B46-9B31-4CFA-9FF7-FBECFBB57C53}.Debug|Any CPU.Build.0 = Debug|Any CPU
		{9DEA2B46-9B31-4CFA-9FF7-FBECFBB57C53}.Release|Any CPU.ActiveCfg = Release|Any CPU
		{9DEA2B46-9B31-4CFA-9FF7-FBECFBB57C53}.Release|Any CPU.Build.0 = Release|Any CPU
		{C4AB5503-390E-4D06-B2C5-900E8028D245}.Debug|Any CPU.ActiveCfg = Debug|Any CPU
		{C4AB5503-390E-4D06-B2C5-900E8028D245}.Debug|Any CPU.Build.0 = Debug|Any CPU
		{C4AB5503-390E-4D06-B2C5-900E8028D245}.Release|Any CPU.ActiveCfg = Release|Any CPU
		{C4AB5503-390E-4D06-B2C5-900E8028D245}.Release|Any CPU.Build.0 = Release|Any CPU
		{2D1D5B92-8B55-45EF-BB4E-ED617981AE35}.Debug|Any CPU.ActiveCfg = Debug|Any CPU
		{2D1D5B92-8B55-45EF-BB4E-ED617981AE35}.Debug|Any CPU.Build.0 = Debug|Any CPU
		{2D1D5B92-8B55-45EF-BB4E-ED617981AE35}.Release|Any CPU.ActiveCfg = Release|Any CPU
		{2D1D5B92-8B55-45EF-BB4E-ED617981AE35}.Release|Any CPU.Build.0 = Release|Any CPU
	EndGlobalSection
	GlobalSection(SolutionProperties) = preSolution
		HideSolutionNode = FALSE
	EndGlobalSection
	GlobalSection(ExtensibilityGlobals) = postSolution
		SolutionGuid = {E61B6351-5CB0-42FE-BD8F-55A51AE03E5E}
	EndGlobalSection
EndGlobal
